
Microsoft Visual Studio Solution File, Format Version 12.00
# Visual Studio Version 17
VisualStudioVersion = 17.0.31903.59
MinimumVisualStudioVersion = 10.0.40219.1
Project("{2150E333-8FDC-42A3-9474-1A3956D46DE8}") = "src", "src", "{C2129954-6634-4631-91CE-0D4FC3E7A9BF}"
EndProject
Project("{FAE04EC0-301F-11D3-BF4B-00C04F79EFBC}") = "Education.API", "src\Education.API\Education.API.csproj", "{EBB39DE3-3755-449A-A44F-C9C371DA2F79}"
EndProject
Project("{FAE04EC0-301F-11D3-BF4B-00C04F79EFBC}") = "Education.Application", "src\Education.Application\Education.Application.csproj", "{45D9DB3C-2037-4CBF-8AD0-D27360F4376D}"
EndProject
Project("{FAE04EC0-301F-11D3-BF4B-00C04F79EFBC}") = "Education.Domain", "src\Education.Domain\Education.Domain.csproj", "{D4817D4C-FE7D-4DC9-9320-8A00518CA12C}"
EndProject
Project("{FAE04EC0-301F-11D3-BF4B-00C04F79EFBC}") = "Education.Infrastructure", "src\Education.Infrastructure\Education.Infrastructure.csproj", "{5BFFE730-BB38-4A0D-A7F2-C65152092824}"
EndProject
Global
	GlobalSection(SolutionConfigurationPlatforms) = preSolution
		Debug|Any CPU = Debug|Any CPU
		Release|Any CPU = Release|Any CPU
	EndGlobalSection
	GlobalSection(ProjectConfigurationPlatforms) = postSolution
		{EBB39DE3-3755-449A-A44F-C9C371DA2F79}.Debug|Any CPU.ActiveCfg = Debug|Any CPU
		{EBB39DE3-3755-449A-A44F-C9C371DA2F79}.Debug|Any CPU.Build.0 = Debug|Any CPU
		{EBB39DE3-3755-449A-A44F-C9C371DA2F79}.Release|Any CPU.ActiveCfg = Release|Any CPU
		{EBB39DE3-3755-449A-A44F-C9C371DA2F79}.Release|Any CPU.Build.0 = Release|Any CPU
		{45D9DB3C-2037-4CBF-8AD0-D27360F4376D}.Debug|Any CPU.ActiveCfg = Debug|Any CPU
		{45D9DB3C-2037-4CBF-8AD0-D27360F4376D}.Debug|Any CPU.Build.0 = Debug|Any CPU
		{45D9DB3C-2037-4CBF-8AD0-D27360F4376D}.Release|Any CPU.ActiveCfg = Release|Any CPU
		{45D9DB3C-2037-4CBF-8AD0-D27360F4376D}.Release|Any CPU.Build.0 = Release|Any CPU
		{D4817D4C-FE7D-4DC9-9320-8A00518CA12C}.Debug|Any CPU.ActiveCfg = Debug|Any CPU
		{D4817D4C-FE7D-4DC9-9320-8A00518CA12C}.Debug|Any CPU.Build.0 = Debug|Any CPU
		{D4817D4C-FE7D-4DC9-9320-8A00518CA12C}.Release|Any CPU.ActiveCfg = Release|Any CPU
		{D4817D4C-FE7D-4DC9-9320-8A00518CA12C}.Release|Any CPU.Build.0 = Release|Any CPU
		{5BFFE730-BB38-4A0D-A7F2-C65152092824}.Debug|Any CPU.ActiveCfg = Debug|Any CPU
		{5BFFE730-BB38-4A0D-A7F2-C65152092824}.Debug|Any CPU.Build.0 = Debug|Any CPU
		{5BFFE730-BB38-4A0D-A7F2-C65152092824}.Release|Any CPU.ActiveCfg = Release|Any CPU
		{5BFFE730-BB38-4A0D-A7F2-C65152092824}.Release|Any CPU.Build.0 = Release|Any CPU
	EndGlobalSection
	GlobalSection(SolutionProperties) = preSolution
		HideSolutionNode = FALSE
	EndGlobalSection
	GlobalSection(NestedProjects) = preSolution
		{EBB39DE3-3755-449A-A44F-C9C371DA2F79} = {C2129954-6634-4631-91CE-0D4FC3E7A9BF}
		{45D9DB3C-2037-4CBF-8AD0-D27360F4376D} = {C2129954-6634-4631-91CE-0D4FC3E7A9BF}
		{D4817D4C-FE7D-4DC9-9320-8A00518CA12C} = {C2129954-6634-4631-91CE-0D4FC3E7A9BF}
		{5BFFE730-BB38-4A0D-A7F2-C65152092824} = {C2129954-6634-4631-91CE-0D4FC3E7A9BF}
	EndGlobalSection
	GlobalSection(ExtensibilityGlobals) = postSolution
		SolutionGuid = {BADE9E9D-40B8-401E-A539-311A267F58D7}
	EndGlobalSection
EndGlobal
