
Microsoft Visual Studio Solution File, Format Version 12.00
# Visual Studio Version 17
VisualStudioVersion = 17.0.31903.59
MinimumVisualStudioVersion = 10.0.40219.1
Project("{9A19103F-16F7-4668-BE54-9A1E7A4F7556}") = "Education.Api", "src\Education.Api\Education.Api.csproj", "{BC2ABA9D-3882-47EB-91A3-76C3DDDC3706}"
EndProject
Project("{FAE04EC0-301F-11D3-BF4B-00C04F79EFBC}") = "EducationApplication", "EducationApplication\EducationApplication.csproj", "{88B72DFB-9B16-4F74-B324-5C9A416EA707}"
EndProject
Project("{FAE04EC0-301F-11D3-BF4B-00C04F79EFBC}") = "EducationDomain", "EducationDomain\EducationDomain.csproj", "{FA2F098B-06AC-4112-B7BC-86CD4FCD488B}"
EndProject
Project("{FAE04EC0-301F-11D3-BF4B-00C04F79EFBC}") = "Education.Infrastructure", "Education.Infrastructure\Education.Infrastructure.csproj", "{4743BFF9-55A8-4016-BBDF-C20CE9BC5AF0}"
EndProject
Global
	GlobalSection(SolutionConfigurationPlatforms) = preSolution
		Debug|Any CPU = Debug|Any CPU
		Release|Any CPU = Release|Any CPU
	EndGlobalSection
	GlobalSection(ProjectConfigurationPlatforms) = postSolution
		{BC2ABA9D-3882-47EB-91A3-76C3DDDC3706}.Debug|Any CPU.ActiveCfg = Debug|Any CPU
		{BC2ABA9D-3882-47EB-91A3-76C3DDDC3706}.Debug|Any CPU.Build.0 = Debug|Any CPU
		{BC2ABA9D-3882-47EB-91A3-76C3DDDC3706}.Release|Any CPU.ActiveCfg = Release|Any CPU
		{BC2ABA9D-3882-47EB-91A3-76C3DDDC3706}.Release|Any CPU.Build.0 = Release|Any CPU
		{88B72DFB-9B16-4F74-B324-5C9A416EA707}.Debug|Any CPU.ActiveCfg = Debug|Any CPU
		{88B72DFB-9B16-4F74-B324-5C9A416EA707}.Debug|Any CPU.Build.0 = Debug|Any CPU
		{88B72DFB-9B16-4F74-B324-5C9A416EA707}.Release|Any CPU.ActiveCfg = Release|Any CPU
		{88B72DFB-9B16-4F74-B324-5C9A416EA707}.Release|Any CPU.Build.0 = Release|Any CPU
		{FA2F098B-06AC-4112-B7BC-86CD4FCD488B}.Debug|Any CPU.ActiveCfg = Debug|Any CPU
		{FA2F098B-06AC-4112-B7BC-86CD4FCD488B}.Debug|Any CPU.Build.0 = Debug|Any CPU
		{FA2F098B-06AC-4112-B7BC-86CD4FCD488B}.Release|Any CPU.ActiveCfg = Release|Any CPU
		{FA2F098B-06AC-4112-B7BC-86CD4FCD488B}.Release|Any CPU.Build.0 = Release|Any CPU
		{4743BFF9-55A8-4016-BBDF-C20CE9BC5AF0}.Debug|Any CPU.ActiveCfg = Debug|Any CPU
		{4743BFF9-55A8-4016-BBDF-C20CE9BC5AF0}.Debug|Any CPU.Build.0 = Debug|Any CPU
		{4743BFF9-55A8-4016-BBDF-C20CE9BC5AF0}.Release|Any CPU.ActiveCfg = Release|Any CPU
		{4743BFF9-55A8-4016-BBDF-C20CE9BC5AF0}.Release|Any CPU.Build.0 = Release|Any CPU
	EndGlobalSection
	GlobalSection(SolutionProperties) = preSolution
		HideSolutionNode = FALSE
	EndGlobalSection
	GlobalSection(ExtensibilityGlobals) = postSolution
		SolutionGuid = {BADE9E9D-40B8-401E-A539-311A267F58D7}
	EndGlobalSection
EndGlobal
